
Microsoft Visual Studio Solution File, Format Version 12.00
# Visual Studio 2013
VisualStudioVersion = 12.0.21005.1
MinimumVisualStudioVersion = 10.0.40219.1
Project("{FAE04EC0-301F-11D3-BF4B-00C04F79EFBC}") = "ConsoleApplication1", "ConsoleApplication1\ConsoleApplication1.csproj", "{2425287B-A295-4168-A04A-E57D9DD2AE5E}"
EndProject
Global
	GlobalSection(SolutionConfigurationPlatforms) = preSolution
		Debug|Any CPU = Debug|Any CPU
		Release|Any CPU = Release|Any CPU
	EndGlobalSection
	GlobalSection(ProjectConfigurationPlatforms) = postSolution
		{2425287B-A295-4168-A04A-E57D9DD2AE5E}.Debug|Any CPU.ActiveCfg = Debug|Any CPU
		{2425287B-A295-4168-A04A-E57D9DD2AE5E}.Debug|Any CPU.Build.0 = Debug|Any CPU
		{2425287B-A295-4168-A04A-E57D9DD2AE5E}.Release|Any CPU.ActiveCfg = Release|Any CPU
		{2425287B-A295-4168-A04A-E57D9DD2AE5E}.Release|Any CPU.Build.0 = Release|Any CPU
	EndGlobalSection
	GlobalSection(SolutionProperties) = preSolution
		HideSolutionNode = FALSE
	EndGlobalSection
EndGlobal
